
Microsoft Visual Studio Solution File, Format Version 12.00
# Visual Studio Version 16
VisualStudioVersion = 16.0.29102.190
MinimumVisualStudioVersion = 10.0.40219.1
Project("{FAE04EC0-301F-11D3-BF4B-00C04F79EFBC}") = "PingPongGame", "PingPongGame.csproj", "{E062CD39-348C-4DC1-9CFC-90D37DD90B6C}"
EndProject
Global
	GlobalSection(SolutionConfigurationPlatforms) = preSolution
		Debug|Any CPU = Debug|Any CPU
		Release|Any CPU = Release|Any CPU
	EndGlobalSection
	GlobalSection(ProjectConfigurationPlatforms) = postSolution
		{E062CD39-348C-4DC1-9CFC-90D37DD90B6C}.Debug|Any CPU.ActiveCfg = Debug|Any CPU
		{E062CD39-348C-4DC1-9CFC-90D37DD90B6C}.Debug|Any CPU.Build.0 = Debug|Any CPU
		{E062CD39-348C-4DC1-9CFC-90D37DD90B6C}.Release|Any CPU.ActiveCfg = Release|Any CPU
		{E062CD39-348C-4DC1-9CFC-90D37DD90B6C}.Release|Any CPU.Build.0 = Release|Any CPU
	EndGlobalSection
	GlobalSection(SolutionProperties) = preSolution
		HideSolutionNode = FALSE
	EndGlobalSection
	GlobalSection(ExtensibilityGlobals) = postSolution
		SolutionGuid = {9A2A8B2C-61E0-40C7-94A7-8954B3C7E384}
	EndGlobalSection
EndGlobal
